
Microsoft Visual Studio Solution File, Format Version 12.00
# Visual Studio 2013
VisualStudioVersion = 12.0.31101.0
MinimumVisualStudioVersion = 10.0.40219.1
Project("{FAE04EC0-301F-11D3-BF4B-00C04F79EFBC}") = "Homework1", "Homework1\Homework1\Homework1.csproj", "{2841BBF6-6F62-4205-8C39-67FF79521346}"
EndProject
Project("{FAE04EC0-301F-11D3-BF4B-00C04F79EFBC}") = "Homework2", "Homework2\ConsoleApplication1\Homework2.csproj", "{DC6EBC3B-144B-4316-8A49-6CA4EB6B58DF}"
EndProject
Project("{FAE04EC0-301F-11D3-BF4B-00C04F79EFBC}") = "Homework3", "Homework3\Homework3\Homework3.csproj", "{CF8F2396-AE76-48E1-ADA6-003DF8EB5B64}"
EndProject
Project("{FAE04EC0-301F-11D3-BF4B-00C04F79EFBC}") = "Homework4", "Homework4\Homework4\Homework4.csproj", "{0E594D86-4DE0-4B66-A923-F4143FAFB2A0}"
EndProject
Project("{FAE04EC0-301F-11D3-BF4B-00C04F79EFBC}") = "Homework5", "Homework5\Homework5\Homework5.csproj", "{2446A34E-70C2-406D-A0C7-7B7E32144C12}"
EndProject
Project("{FAE04EC0-301F-11D3-BF4B-00C04F79EFBC}") = "homework6", "homework6\homework6\homework6.csproj", "{136E2FC5-2B29-4D76-A882-6BD5C6CA4ECE}"
EndProject
Project("{FAE04EC0-301F-11D3-BF4B-00C04F79EFBC}") = "homework7", "homework7\homework7\homework7.csproj", "{0308A352-39AF-4C1A-A9E5-58885A4F1831}"
EndProject
Project("{FAE04EC0-301F-11D3-BF4B-00C04F79EFBC}") = "homework8", "homework8\homework8\homework8.csproj", "{73F4220C-64DC-4AFE-A6B3-6AF6BA033D43}"
EndProject
Project("{FAE04EC0-301F-11D3-BF4B-00C04F79EFBC}") = "task1 of hm4", "homework4\task1 of hm4\task1 of hm4.csproj", "{DDBE55D0-CC6E-41FC-B399-1F7074A5D32C}"
EndProject
Project("{FAE04EC0-301F-11D3-BF4B-00C04F79EFBC}") = "task2 of hm4", "homework4\task2 of hm4\task2 of hm4.csproj", "{BC367E7F-A1DA-4D5D-8A8E-5FF313615699}"
EndProject
Project("{FAE04EC0-301F-11D3-BF4B-00C04F79EFBC}") = "task3 of hm4", "homework4\task3 of hm4\task3 of hm4.csproj", "{ED92FC37-67C9-4B91-B5AC-F5A0FC4B3041}"
EndProject
Global
	GlobalSection(SolutionConfigurationPlatforms) = preSolution
		Debug|Any CPU = Debug|Any CPU
		Release|Any CPU = Release|Any CPU
	EndGlobalSection
	GlobalSection(ProjectConfigurationPlatforms) = postSolution
		{2841BBF6-6F62-4205-8C39-67FF79521346}.Debug|Any CPU.ActiveCfg = Debug|Any CPU
		{2841BBF6-6F62-4205-8C39-67FF79521346}.Debug|Any CPU.Build.0 = Debug|Any CPU
		{2841BBF6-6F62-4205-8C39-67FF79521346}.Release|Any CPU.ActiveCfg = Release|Any CPU
		{2841BBF6-6F62-4205-8C39-67FF79521346}.Release|Any CPU.Build.0 = Release|Any CPU
		{DC6EBC3B-144B-4316-8A49-6CA4EB6B58DF}.Debug|Any CPU.ActiveCfg = Debug|Any CPU
		{DC6EBC3B-144B-4316-8A49-6CA4EB6B58DF}.Debug|Any CPU.Build.0 = Debug|Any CPU
		{DC6EBC3B-144B-4316-8A49-6CA4EB6B58DF}.Release|Any CPU.ActiveCfg = Release|Any CPU
		{DC6EBC3B-144B-4316-8A49-6CA4EB6B58DF}.Release|Any CPU.Build.0 = Release|Any CPU
		{CF8F2396-AE76-48E1-ADA6-003DF8EB5B64}.Debug|Any CPU.ActiveCfg = Debug|Any CPU
		{CF8F2396-AE76-48E1-ADA6-003DF8EB5B64}.Debug|Any CPU.Build.0 = Debug|Any CPU
		{CF8F2396-AE76-48E1-ADA6-003DF8EB5B64}.Release|Any CPU.ActiveCfg = Release|Any CPU
		{CF8F2396-AE76-48E1-ADA6-003DF8EB5B64}.Release|Any CPU.Build.0 = Release|Any CPU
		{0E594D86-4DE0-4B66-A923-F4143FAFB2A0}.Debug|Any CPU.ActiveCfg = Debug|Any CPU
		{0E594D86-4DE0-4B66-A923-F4143FAFB2A0}.Debug|Any CPU.Build.0 = Debug|Any CPU
		{0E594D86-4DE0-4B66-A923-F4143FAFB2A0}.Release|Any CPU.ActiveCfg = Release|Any CPU
		{0E594D86-4DE0-4B66-A923-F4143FAFB2A0}.Release|Any CPU.Build.0 = Release|Any CPU
		{2446A34E-70C2-406D-A0C7-7B7E32144C12}.Debug|Any CPU.ActiveCfg = Debug|Any CPU
		{2446A34E-70C2-406D-A0C7-7B7E32144C12}.Debug|Any CPU.Build.0 = Debug|Any CPU
		{2446A34E-70C2-406D-A0C7-7B7E32144C12}.Release|Any CPU.ActiveCfg = Release|Any CPU
		{2446A34E-70C2-406D-A0C7-7B7E32144C12}.Release|Any CPU.Build.0 = Release|Any CPU
		{136E2FC5-2B29-4D76-A882-6BD5C6CA4ECE}.Debug|Any CPU.ActiveCfg = Debug|Any CPU
		{136E2FC5-2B29-4D76-A882-6BD5C6CA4ECE}.Debug|Any CPU.Build.0 = Debug|Any CPU
		{136E2FC5-2B29-4D76-A882-6BD5C6CA4ECE}.Release|Any CPU.ActiveCfg = Release|Any CPU
		{136E2FC5-2B29-4D76-A882-6BD5C6CA4ECE}.Release|Any CPU.Build.0 = Release|Any CPU
		{0308A352-39AF-4C1A-A9E5-58885A4F1831}.Debug|Any CPU.ActiveCfg = Debug|Any CPU
		{0308A352-39AF-4C1A-A9E5-58885A4F1831}.Debug|Any CPU.Build.0 = Debug|Any CPU
		{0308A352-39AF-4C1A-A9E5-58885A4F1831}.Release|Any CPU.ActiveCfg = Release|Any CPU
		{0308A352-39AF-4C1A-A9E5-58885A4F1831}.Release|Any CPU.Build.0 = Release|Any CPU
		{73F4220C-64DC-4AFE-A6B3-6AF6BA033D43}.Debug|Any CPU.ActiveCfg = Debug|Any CPU
		{73F4220C-64DC-4AFE-A6B3-6AF6BA033D43}.Debug|Any CPU.Build.0 = Debug|Any CPU
		{73F4220C-64DC-4AFE-A6B3-6AF6BA033D43}.Release|Any CPU.ActiveCfg = Release|Any CPU
		{73F4220C-64DC-4AFE-A6B3-6AF6BA033D43}.Release|Any CPU.Build.0 = Release|Any CPU
		{DDBE55D0-CC6E-41FC-B399-1F7074A5D32C}.Debug|Any CPU.ActiveCfg = Debug|Any CPU
		{DDBE55D0-CC6E-41FC-B399-1F7074A5D32C}.Debug|Any CPU.Build.0 = Debug|Any CPU
		{DDBE55D0-CC6E-41FC-B399-1F7074A5D32C}.Release|Any CPU.ActiveCfg = Release|Any CPU
		{DDBE55D0-CC6E-41FC-B399-1F7074A5D32C}.Release|Any CPU.Build.0 = Release|Any CPU
		{BC367E7F-A1DA-4D5D-8A8E-5FF313615699}.Debug|Any CPU.ActiveCfg = Debug|Any CPU
		{BC367E7F-A1DA-4D5D-8A8E-5FF313615699}.Debug|Any CPU.Build.0 = Debug|Any CPU
		{BC367E7F-A1DA-4D5D-8A8E-5FF313615699}.Release|Any CPU.ActiveCfg = Release|Any CPU
		{BC367E7F-A1DA-4D5D-8A8E-5FF313615699}.Release|Any CPU.Build.0 = Release|Any CPU
		{ED92FC37-67C9-4B91-B5AC-F5A0FC4B3041}.Debug|Any CPU.ActiveCfg = Debug|Any CPU
		{ED92FC37-67C9-4B91-B5AC-F5A0FC4B3041}.Debug|Any CPU.Build.0 = Debug|Any CPU
		{ED92FC37-67C9-4B91-B5AC-F5A0FC4B3041}.Release|Any CPU.ActiveCfg = Release|Any CPU
		{ED92FC37-67C9-4B91-B5AC-F5A0FC4B3041}.Release|Any CPU.Build.0 = Release|Any CPU
	EndGlobalSection
	GlobalSection(SolutionProperties) = preSolution
		HideSolutionNode = FALSE
	EndGlobalSection
EndGlobal
