
Microsoft Visual Studio Solution File, Format Version 12.00
# Visual Studio 2013
VisualStudioVersion = 12.0.31101.0
MinimumVisualStudioVersion = 10.0.40219.1
Project("{FAE04EC0-301F-11D3-BF4B-00C04F79EFBC}") = "3x4", "TASK1\3x4.csproj", "{B248B188-4890-4453-B91C-B48A249C6DA3}"
EndProject
Project("{FAE04EC0-301F-11D3-BF4B-00C04F79EFBC}") = "samo chetnite", "task2\samo chetnite.csproj", "{ED75B8F3-9F17-4340-B720-0F18BC4537F9}"
EndProject
Project("{FAE04EC0-301F-11D3-BF4B-00C04F79EFBC}") = "b a", "task3\b a.csproj", "{E9232186-AA98-404E-9B0B-C4799F13B2BD}"
EndProject
Project("{FAE04EC0-301F-11D3-BF4B-00C04F79EFBC}") = "task4", "task4\task4.csproj", "{28BEAC76-C8D4-4D3D-BD40-98070F261E61}"
EndProject
Global
	GlobalSection(SolutionConfigurationPlatforms) = preSolution
		Debug|Any CPU = Debug|Any CPU
		Release|Any CPU = Release|Any CPU
	EndGlobalSection
	GlobalSection(ProjectConfigurationPlatforms) = postSolution
		{B248B188-4890-4453-B91C-B48A249C6DA3}.Debug|Any CPU.ActiveCfg = Debug|Any CPU
		{B248B188-4890-4453-B91C-B48A249C6DA3}.Debug|Any CPU.Build.0 = Debug|Any CPU
		{B248B188-4890-4453-B91C-B48A249C6DA3}.Release|Any CPU.ActiveCfg = Release|Any CPU
		{B248B188-4890-4453-B91C-B48A249C6DA3}.Release|Any CPU.Build.0 = Release|Any CPU
		{ED75B8F3-9F17-4340-B720-0F18BC4537F9}.Debug|Any CPU.ActiveCfg = Debug|Any CPU
		{ED75B8F3-9F17-4340-B720-0F18BC4537F9}.Debug|Any CPU.Build.0 = Debug|Any CPU
		{ED75B8F3-9F17-4340-B720-0F18BC4537F9}.Release|Any CPU.ActiveCfg = Release|Any CPU
		{ED75B8F3-9F17-4340-B720-0F18BC4537F9}.Release|Any CPU.Build.0 = Release|Any CPU
		{E9232186-AA98-404E-9B0B-C4799F13B2BD}.Debug|Any CPU.ActiveCfg = Debug|Any CPU
		{E9232186-AA98-404E-9B0B-C4799F13B2BD}.Debug|Any CPU.Build.0 = Debug|Any CPU
		{E9232186-AA98-404E-9B0B-C4799F13B2BD}.Release|Any CPU.ActiveCfg = Release|Any CPU
		{E9232186-AA98-404E-9B0B-C4799F13B2BD}.Release|Any CPU.Build.0 = Release|Any CPU
		{28BEAC76-C8D4-4D3D-BD40-98070F261E61}.Debug|Any CPU.ActiveCfg = Debug|Any CPU
		{28BEAC76-C8D4-4D3D-BD40-98070F261E61}.Debug|Any CPU.Build.0 = Debug|Any CPU
		{28BEAC76-C8D4-4D3D-BD40-98070F261E61}.Release|Any CPU.ActiveCfg = Release|Any CPU
		{28BEAC76-C8D4-4D3D-BD40-98070F261E61}.Release|Any CPU.Build.0 = Release|Any CPU
	EndGlobalSection
	GlobalSection(SolutionProperties) = preSolution
		HideSolutionNode = FALSE
	EndGlobalSection
EndGlobal
